
Microsoft Visual Studio Solution File, Format Version 12.00
Project("{FAE04EC0-301F-11D3-BF4B-00C04F79EFBC}") = "TodoApp", "TodoApp\TodoApp.csproj", "{7F710E37-9238-41E5-989E-23BDFCEA5977}"
EndProject
Project("{FAE04EC0-301F-11D3-BF4B-00C04F79EFBC}") = "TodoApp.Models", "TodoApp.Models\TodoApp.Models.csproj", "{DFB08298-7996-4E8E-96FA-14ED5F3E6613}"
EndProject
Global
	GlobalSection(SolutionConfigurationPlatforms) = preSolution
		Debug|Any CPU = Debug|Any CPU
		Release|Any CPU = Release|Any CPU
	EndGlobalSection
	GlobalSection(ProjectConfigurationPlatforms) = postSolution
		{7F710E37-9238-41E5-989E-23BDFCEA5977}.Debug|Any CPU.ActiveCfg = Debug|Any CPU
		{7F710E37-9238-41E5-989E-23BDFCEA5977}.Debug|Any CPU.Build.0 = Debug|Any CPU
		{7F710E37-9238-41E5-989E-23BDFCEA5977}.Release|Any CPU.ActiveCfg = Release|Any CPU
		{7F710E37-9238-41E5-989E-23BDFCEA5977}.Release|Any CPU.Build.0 = Release|Any CPU
		{DFB08298-7996-4E8E-96FA-14ED5F3E6613}.Debug|Any CPU.ActiveCfg = Debug|Any CPU
		{DFB08298-7996-4E8E-96FA-14ED5F3E6613}.Debug|Any CPU.Build.0 = Debug|Any CPU
		{DFB08298-7996-4E8E-96FA-14ED5F3E6613}.Release|Any CPU.ActiveCfg = Release|Any CPU
		{DFB08298-7996-4E8E-96FA-14ED5F3E6613}.Release|Any CPU.Build.0 = Release|Any CPU
	EndGlobalSection
EndGlobal
